// !$*UTF8*$!
{
	archiveVersion = 1;
	classes = {
	};
	objectVersion = 50;
	objects = {

/* Begin PBXBuildFile section */
		1772ED9820702E480066DAE5 /* AppDelegate.swift in Sources */ = {isa = PBXBuildFile; fileRef = 1772ED9720702E480066DAE5 /* AppDelegate.swift */; };
		1772ED9C20702E4A0066DAE5 /* Assets.xcassets in Resources */ = {isa = PBXBuildFile; fileRef = 1772ED9B20702E4A0066DAE5 /* Assets.xcassets */; };
		1772ED9F20702E4A0066DAE5 /* Main.storyboard in Resources */ = {isa = PBXBuildFile; fileRef = 1772ED9D20702E4A0066DAE5 /* Main.storyboard */; };
		1772EDA820702FF80066DAE5 /* AltToMetaTransformer.swift in Sources */ = {isa = PBXBuildFile; fileRef = 1772EDA720702FF80066DAE5 /* AltToMetaTransformer.swift */; };
/* End PBXBuildFile section */

/* Begin PBXFileReference section */
		1733C5BB26F6988700AB3804 /* App.xcconfig */ = {isa = PBXFileReference; lastKnownFileType = text.xcconfig; path = App.xcconfig; sourceTree = "<group>"; };
		1772ED9420702E480066DAE5 /* Metalt.app */ = {isa = PBXFileReference; explicitFileType = wrapper.application; includeInIndex = 0; path = Metalt.app; sourceTree = BUILT_PRODUCTS_DIR; };
		1772ED9720702E480066DAE5 /* AppDelegate.swift */ = {isa = PBXFileReference; lastKnownFileType = sourcecode.swift; path = AppDelegate.swift; sourceTree = "<group>"; };
		1772ED9B20702E4A0066DAE5 /* Assets.xcassets */ = {isa = PBXFileReference; lastKnownFileType = folder.assetcatalog; path = Assets.xcassets; sourceTree = "<group>"; };
		1772ED9E20702E4A0066DAE5 /* Base */ = {isa = PBXFileReference; lastKnownFileType = file.storyboard; name = Base; path = Base.lproj/Main.storyboard; sourceTree = "<group>"; };
		1772EDA020702E4A0066DAE5 /* Info.plist */ = {isa = PBXFileReference; lastKnownFileType = text.plist.xml; path = Info.plist; sourceTree = "<group>"; };
		1772EDA120702E4A0066DAE5 /* Metalt.entitlements */ = {isa = PBXFileReference; lastKnownFileType = text.plist.entitlements; path = Metalt.entitlements; sourceTree = "<group>"; };
		1772EDA720702FF80066DAE5 /* AltToMetaTransformer.swift */ = {isa = PBXFileReference; lastKnownFileType = sourcecode.swift; path = AltToMetaTransformer.swift; sourceTree = "<group>"; };
/* End PBXFileReference section */

/* Begin PBXFrameworksBuildPhase section */
		1772ED9120702E480066DAE5 /* Frameworks */ = {
			isa = PBXFrameworksBuildPhase;
			buildActionMask = 2147483647;
			files = (
			);
			runOnlyForDeploymentPostprocessing = 0;
		};
/* End PBXFrameworksBuildPhase section */

/* Begin PBXGroup section */
		1772ED8B20702E480066DAE5 = {
			isa = PBXGroup;
			children = (
				1733C5BB26F6988700AB3804 /* App.xcconfig */,
				1772ED9620702E480066DAE5 /* Metalt */,
				1772ED9520702E480066DAE5 /* Products */,
			);
			sourceTree = "<group>";
		};
		1772ED9520702E480066DAE5 /* Products */ = {
			isa = PBXGroup;
			children = (
				1772ED9420702E480066DAE5 /* Metalt.app */,
			);
			name = Products;
			sourceTree = "<group>";
		};
		1772ED9620702E480066DAE5 /* Metalt */ = {
			isa = PBXGroup;
			children = (
				1772ED9720702E480066DAE5 /* AppDelegate.swift */,
				1772EDA720702FF80066DAE5 /* AltToMetaTransformer.swift */,
				1772ED9B20702E4A0066DAE5 /* Assets.xcassets */,
				1772ED9D20702E4A0066DAE5 /* Main.storyboard */,
				1772EDA020702E4A0066DAE5 /* Info.plist */,
				1772EDA120702E4A0066DAE5 /* Metalt.entitlements */,
			);
			path = Metalt;
			sourceTree = "<group>";
		};
/* End PBXGroup section */

/* Begin PBXNativeTarget section */
		1772ED9320702E480066DAE5 /* Metalt */ = {
			isa = PBXNativeTarget;
			buildConfigurationList = 1772EDA420702E4A0066DAE5 /* Build configuration list for PBXNativeTarget "Metalt" */;
			buildPhases = (
				1772ED9020702E480066DAE5 /* Sources */,
				1772ED9120702E480066DAE5 /* Frameworks */,
				1772ED9220702E480066DAE5 /* Resources */,
			);
			buildRules = (
			);
			dependencies = (
			);
			name = Metalt;
			productName = Metalt;
			productReference = 1772ED9420702E480066DAE5 /* Metalt.app */;
			productType = "com.apple.product-type.application";
		};
/* End PBXNativeTarget section */

/* Begin PBXProject section */
		1772ED8C20702E480066DAE5 /* Project object */ = {
			isa = PBXProject;
			attributes = {
				LastSwiftUpdateCheck = 0930;
				LastUpgradeCheck = 0930;
				ORGANIZATIONNAME = Alaminium;
				TargetAttributes = {
					1772ED9320702E480066DAE5 = {
						CreatedOnToolsVersion = 9.3;
					};
				};
			};
			buildConfigurationList = 1772ED8F20702E480066DAE5 /* Build configuration list for PBXProject "Metalt" */;
			compatibilityVersion = "Xcode 9.3";
			developmentRegion = en;
			hasScannedForEncodings = 0;
			knownRegions = (
				en,
				Base,
			);
			mainGroup = 1772ED8B20702E480066DAE5;
			productRefGroup = 1772ED9520702E480066DAE5 /* Products */;
			projectDirPath = "";
			projectRoot = "";
			targets = (
				1772ED9320702E480066DAE5 /* Metalt */,
			);
		};
/* End PBXProject section */

/* Begin PBXResourcesBuildPhase section */
		1772ED9220702E480066DAE5 /* Resources */ = {
			isa = PBXResourcesBuildPhase;
			buildActionMask = 2147483647;
			files = (
				1772ED9C20702E4A0066DAE5 /* Assets.xcassets in Resources */,
				1772ED9F20702E4A0066DAE5 /* Main.storyboard in Resources */,
			);
			runOnlyForDeploymentPostprocessing = 0;
		};
/* End PBXResourcesBuildPhase section */

/* Begin PBXSourcesBuildPhase section */
		1772ED9020702E480066DAE5 /* Sources */ = {
			isa = PBXSourcesBuildPhase;
			buildActionMask = 2147483647;
			files = (
				1772ED9820702E480066DAE5 /* AppDelegate.swift in Sources */,
				1772EDA820702FF80066DAE5 /* AltToMetaTransformer.swift in Sources */,
			);
			runOnlyForDeploymentPostprocessing = 0;
		};
/* End PBXSourcesBuildPhase section */

/* Begin PBXVariantGroup section */
		1772ED9D20702E4A0066DAE5 /* Main.storyboard */ = {
			isa = PBXVariantGroup;
			children = (
				1772ED9E20702E4A0066DAE5 /* Base */,
			);
			name = Main.storyboard;
			sourceTree = "<group>";
		};
/* End PBXVariantGroup section */

/* Begin XCBuildConfiguration section */
		1772EDA220702E4A0066DAE5 /* Debug */ = {
			isa = XCBuildConfiguration;
			baseConfigurationReference = 1733C5BB26F6988700AB3804 /* App.xcconfig */;
			buildSettings = {
				ALWAYS_SEARCH_USER_PATHS = NO;
				CLANG_ANALYZER_NONNULL = YES;
				CLANG_ANALYZER_NUMBER_OBJECT_CONVERSION = YES_AGGRESSIVE;
				CLANG_CXX_LANGUAGE_STANDARD = "gnu++14";
				CLANG_CXX_LIBRARY = "libc++";
				CLANG_ENABLE_MODULES = YES;
				CLANG_ENABLE_OBJC_ARC = YES;
				CLANG_ENABLE_OBJC_WEAK = YES;
				CLANG_WARN_BLOCK_CAPTURE_AUTORELEASING = YES;
				CLANG_WARN_BOOL_CONVERSION = YES;
				CLANG_WARN_COMMA = YES;
				CLANG_WARN_CONSTANT_CONVERSION = YES;
				CLANG_WARN_DEPRECATED_OBJC_IMPLEMENTATIONS = YES;
				CLANG_WARN_DIRECT_OBJC_ISA_USAGE = YES_ERROR;
				CLANG_WARN_DOCUMENTATION_COMMENTS = YES;
				CLANG_WARN_EMPTY_BODY = YES;
				CLANG_WARN_ENUM_CONVERSION = YES;
				CLANG_WARN_INFINITE_RECURSION = YES;
				CLANG_WARN_INT_CONVERSION = YES;
				CLANG_WARN_NON_LITERAL_NULL_CONVERSION = YES;
				CLANG_WARN_OBJC_IMPLICIT_RETAIN_SELF = YES;
				CLANG_WARN_OBJC_LITERAL_CONVERSION = YES;
				CLANG_WARN_OBJC_ROOT_CLASS = YES_ERROR;
				CLANG_WARN_RANGE_LOOP_ANALYSIS = YES;
				CLANG_WARN_STRICT_PROTOTYPES = YES;
				CLANG_WARN_SUSPICIOUS_MOVE = YES;
				CLANG_WARN_UNGUARDED_AVAILABILITY = YES_AGGRESSIVE;
				CLANG_WARN_UNREACHABLE_CODE = YES;
				CLANG_WARN__DUPLICATE_METHOD_MATCH = YES;
				CODE_SIGN_IDENTITY = "";
				COPY_PHASE_STRIP = NO;
				DEBUG_INFORMATION_FORMAT = dwarf;
				ENABLE_STRICT_OBJC_MSGSEND = YES;
				ENABLE_TESTABILITY = YES;
				GCC_C_LANGUAGE_STANDARD = gnu11;
				GCC_DYNAMIC_NO_PIC = NO;
				GCC_NO_COMMON_BLOCKS = YES;
				GCC_OPTIMIZATION_LEVEL = 0;
				GCC_PREPROCESSOR_DEFINITIONS = (
					"DEBUG=1",
					"$(inherited)",
				);
				GCC_WARN_64_TO_32_BIT_CONVERSION = YES;
				GCC_WARN_ABOUT_RETURN_TYPE = YES_ERROR;
				GCC_WARN_UNDECLARED_SELECTOR = YES;
				GCC_WARN_UNINITIALIZED_AUTOS = YES_AGGRESSIVE;
				GCC_WARN_UNUSED_FUNCTION = YES;
				GCC_WARN_UNUSED_VARIABLE = YES;
				MACOSX_DEPLOYMENT_TARGET = 10.13;
				MTL_ENABLE_DEBUG_INFO = YES;
				ONLY_ACTIVE_ARCH = YES;
				SDKROOT = macosx;
				SWIFT_ACTIVE_COMPILATION_CONDITIONS = DEBUG;
				SWIFT_OPTIMIZATION_LEVEL = "-Onone";
			};
			name = Debug;
		};
		1772EDA320702E4A0066DAE5 /* Release */ = {
			isa = XCBuildConfiguration;
			baseConfigurationReference = 1733C5BB26F6988700AB3804 /* App.xcconfig */;
			buildSettings = {
				ALWAYS_SEARCH_USER_PATHS = NO;
				CLANG_ANALYZER_NONNULL = YES;
				CLANG_ANALYZER_NUMBER_OBJECT_CONVERSION = YES_AGGRESSIVE;
				CLANG_CXX_LANGUAGE_STANDARD = "gnu++14";
				CLANG_CXX_LIBRARY = "libc++";
				CLANG_ENABLE_MODULES = YES;
				CLANG_ENABLE_OBJC_ARC = YES;
				CLANG_ENABLE_OBJC_WEAK = YES;
				CLANG_WARN_BLOCK_CAPTURE_AUTORELEASING = YES;
				CLANG_WARN_BOOL_CONVERSION = YES;
				CLANG_WARN_COMMA = YES;
				CLANG_WARN_CONSTANT_CONVERSION = YES;
				CLANG_WARN_DEPRECATED_OBJC_IMPLEMENTATIONS = YES;
				CLANG_WARN_DIRECT_OBJC_ISA_USAGE = YES_ERROR;
				CLANG_WARN_DOCUMENTATION_COMMENTS = YES;
				CLANG_WARN_EMPTY_BODY = YES;
				CLANG_WARN_ENUM_CONVERSION = YES;
				CLANG_WARN_INFINITE_RECURSION = YES;
				CLANG_WARN_INT_CONVERSION = YES;
				CLANG_WARN_NON_LITERAL_NULL_CONVERSION = YES;
				CLANG_WARN_OBJC_IMPLICIT_RETAIN_SELF = YES;
				CLANG_WARN_OBJC_LITERAL_CONVERSION = YES;
				CLANG_WARN_OBJC_ROOT_CLASS = YES_ERROR;
				CLANG_WARN_RANGE_LOOP_ANALYSIS = YES;
				CLANG_WARN_STRICT_PROTOTYPES = YES;
				CLANG_WARN_SUSPICIOUS_MOVE = YES;
				CLANG_WARN_UNGUARDED_AVAILABILITY = YES_AGGRESSIVE;
				CLANG_WARN_UNREACHABLE_CODE = YES;
				CLANG_WARN__DUPLICATE_METHOD_MATCH = YES;
				CODE_SIGN_IDENTITY = "";
				COPY_PHASE_STRIP = NO;
				DEBUG_INFORMATION_FORMAT = "dwarf-with-dsym";
				ENABLE_NS_ASSERTIONS = NO;
				ENABLE_STRICT_OBJC_MSGSEND = YES;
				GCC_C_LANGUAGE_STANDARD = gnu11;
				GCC_NO_COMMON_BLOCKS = YES;
				GCC_WARN_64_TO_32_BIT_CONVERSION = YES;
				GCC_WARN_ABOUT_RETURN_TYPE = YES_ERROR;
				GCC_WARN_UNDECLARED_SELECTOR = YES;
				GCC_WARN_UNINITIALIZED_AUTOS = YES_AGGRESSIVE;
				GCC_WARN_UNUSED_FUNCTION = YES;
				GCC_WARN_UNUSED_VARIABLE = YES;
				MACOSX_DEPLOYMENT_TARGET = 10.13;
				MTL_ENABLE_DEBUG_INFO = NO;
				SDKROOT = macosx;
				SWIFT_COMPILATION_MODE = wholemodule;
				SWIFT_OPTIMIZATION_LEVEL = "-O";
			};
			name = Release;
		};
		1772EDA520702E4A0066DAE5 /* Debug */ = {
			isa = XCBuildConfiguration;
			buildSettings = {
				ASSETCATALOG_COMPILER_APPICON_NAME = AppIcon;
				CODE_SIGN_ENTITLEMENTS = Metalt/Metalt.entitlements;
				CODE_SIGN_STYLE = Automatic;
				COMBINE_HIDPI_IMAGES = YES;
				INFOPLIST_FILE = Metalt/Info.plist;
				LD_RUNPATH_SEARCH_PATHS = (
					"$(inherited)",
					"@executable_path/../Frameworks",
				);
				PRODUCT_BUNDLE_IDENTIFIER = me.alaminium.Metalt;
				PRODUCT_NAME = "$(TARGET_NAME)";
				SWIFT_VERSION = 4.0;
			};
			name = Debug;
		};
		1772EDA620702E4A0066DAE5 /* Release */ = {
			isa = XCBuildConfiguration;
			buildSettings = {
				ASSETCATALOG_COMPILER_APPICON_NAME = AppIcon;
				CODE_SIGN_ENTITLEMENTS = Metalt/Metalt.entitlements;
				CODE_SIGN_STYLE = Automatic;
				COMBINE_HIDPI_IMAGES = YES;
				INFOPLIST_FILE = Metalt/Info.plist;
				LD_RUNPATH_SEARCH_PATHS = (
					"$(inherited)",
					"@executable_path/../Frameworks",
				);
				PRODUCT_BUNDLE_IDENTIFIER = me.alaminium.Metalt;
				PRODUCT_NAME = "$(TARGET_NAME)";
				SWIFT_VERSION = 4.0;
			};
			name = Release;
		};
/* End XCBuildConfiguration section */

/* Begin XCConfigurationList section */
		1772ED8F20702E480066DAE5 /* Build configuration list for PBXProject "Metalt" */ = {
			isa = XCConfigurationList;
			buildConfigurations = (
				1772EDA220702E4A0066DAE5 /* Debug */,
				1772EDA320702E4A0066DAE5 /* Release */,
			);
			defaultConfigurationIsVisible = 0;
			defaultConfigurationName = Release;
		};
		1772EDA420702E4A0066DAE5 /* Build configuration list for PBXNativeTarget "Metalt" */ = {
			isa = XCConfigurationList;
			buildConfigurations = (
				1772EDA520702E4A0066DAE5 /* Debug */,
				1772EDA620702E4A0066DAE5 /* Release */,
			);
			defaultConfigurationIsVisible = 0;
			defaultConfigurationName = Release;
		};
/* End XCConfigurationList section */
	};
	rootObject = 1772ED8C20702E480066DAE5 /* Project object */;
}
